
Microsoft Visual Studio Solution File, Format Version 12.00
Project("{FAE04EC0-301F-11D3-BF4B-00C04F79EFBC}") = "253502_Laboratory_2_Shyshko", "253502_Laboratory_2_Shyshko\253502_Laboratory_2_Shyshko.csproj", "{44BE408F-C943-45D6-A80C-91678BAD0EC2}"
EndProject
Global
	GlobalSection(SolutionConfigurationPlatforms) = preSolution
		Debug|Any CPU = Debug|Any CPU
		Release|Any CPU = Release|Any CPU
	EndGlobalSection
	GlobalSection(ProjectConfigurationPlatforms) = postSolution
		{44BE408F-C943-45D6-A80C-91678BAD0EC2}.Debug|Any CPU.ActiveCfg = Debug|Any CPU
		{44BE408F-C943-45D6-A80C-91678BAD0EC2}.Debug|Any CPU.Build.0 = Debug|Any CPU
		{44BE408F-C943-45D6-A80C-91678BAD0EC2}.Release|Any CPU.ActiveCfg = Release|Any CPU
		{44BE408F-C943-45D6-A80C-91678BAD0EC2}.Release|Any CPU.Build.0 = Release|Any CPU
	EndGlobalSection
EndGlobal
